
Microsoft Visual Studio Solution File, Format Version 12.00
# Visual Studio 2013
VisualStudioVersion = 12.0.21005.1
MinimumVisualStudioVersion = 10.0.40219.1
Project("{FAE04EC0-301F-11D3-BF4B-00C04F79EFBC}") = "TodoListService", "TodoListService\TodoListService.csproj", "{047CDEF7-D5BA-4B1E-9748-910B610CCA51}"
EndProject
Project("{FAE04EC0-301F-11D3-BF4B-00C04F79EFBC}") = "TodoListDaemon", "TodoListDaemon\TodoListDaemon.csproj", "{622D9534-87F1-4D15-AE80-52D662D26194}"
EndProject
Global
	GlobalSection(SolutionConfigurationPlatforms) = preSolution
		Debug|Any CPU = Debug|Any CPU
		Release|Any CPU = Release|Any CPU
	EndGlobalSection
	GlobalSection(ProjectConfigurationPlatforms) = postSolution
		{047CDEF7-D5BA-4B1E-9748-910B610CCA51}.Debug|Any CPU.ActiveCfg = Debug|Any CPU
		{047CDEF7-D5BA-4B1E-9748-910B610CCA51}.Debug|Any CPU.Build.0 = Debug|Any CPU
		{047CDEF7-D5BA-4B1E-9748-910B610CCA51}.Release|Any CPU.ActiveCfg = Release|Any CPU
		{047CDEF7-D5BA-4B1E-9748-910B610CCA51}.Release|Any CPU.Build.0 = Release|Any CPU
		{622D9534-87F1-4D15-AE80-52D662D26194}.Debug|Any CPU.ActiveCfg = Debug|Any CPU
		{622D9534-87F1-4D15-AE80-52D662D26194}.Debug|Any CPU.Build.0 = Debug|Any CPU
		{622D9534-87F1-4D15-AE80-52D662D26194}.Release|Any CPU.ActiveCfg = Release|Any CPU
		{622D9534-87F1-4D15-AE80-52D662D26194}.Release|Any CPU.Build.0 = Release|Any CPU
	EndGlobalSection
	GlobalSection(SolutionProperties) = preSolution
		HideSolutionNode = FALSE
	EndGlobalSection
EndGlobal
